// !$*UTF8*$!
{
	archiveVersion = 1;
	classes = {
	};
	objectVersion = 77;
	objects = {

/* Begin PBXBuildFile section */
		7A597A542DB35FB2001EDC03 /* PasskeyAuth in Frameworks */ = {isa = PBXBuildFile; productRef = 7A597A532DB35FB2001EDC03 /* PasskeyAuth */; };
		7A597A962DB372D8001EDC03 /* PasskeyAuth in Frameworks */ = {isa = PBXBuildFile; productRef = 7A597A952DB372D8001EDC03 /* PasskeyAuth */; };
		7A731DC92DB4B0EB00E10B4E /* PasskeyAuth in Frameworks */ = {isa = PBXBuildFile; productRef = 7A731DC82DB4B0EB00E10B4E /* PasskeyAuth */; };
		7A731E9C2DB5C58C00E10B4E /* PasskeyAuth in Frameworks */ = {isa = PBXBuildFile; productRef = 7A731E9B2DB5C58C00E10B4E /* PasskeyAuth */; };
		7A731E9F2DB5C78A00E10B4E /* PasskeyAuth in Frameworks */ = {isa = PBXBuildFile; productRef = 7A731E9E2DB5C78A00E10B4E /* PasskeyAuth */; };
		7A731EA22DB5C9C300E10B4E /* PasskeyAuth in Frameworks */ = {isa = PBXBuildFile; productRef = 7A731EA12DB5C9C300E10B4E /* PasskeyAuth */; };
		7ACB00D82DB43D2A00387035 /* PasskeyAuth in Frameworks */ = {isa = PBXBuildFile; productRef = 7ACB00D72DB43D2A00387035 /* PasskeyAuth */; };
/* End PBXBuildFile section */

/* Begin PBXFileReference section */
		7A597A3E2DB35F21001EDC03 /* PasskeyAuthExample.app */ = {isa = PBXFileReference; explicitFileType = wrapper.application; includeInIndex = 0; path = PasskeyAuthExample.app; sourceTree = BUILT_PRODUCTS_DIR; };
/* End PBXFileReference section */

/* Begin PBXFileSystemSynchronizedRootGroup section */
		7A597A402DB35F21001EDC03 /* PasskeyAuthExample */ = {
			isa = PBXFileSystemSynchronizedRootGroup;
			path = PasskeyAuthExample;
			sourceTree = "<group>";
		};
/* End PBXFileSystemSynchronizedRootGroup section */

/* Begin PBXFrameworksBuildPhase section */
		7A597A3B2DB35F21001EDC03 /* Frameworks */ = {
			isa = PBXFrameworksBuildPhase;
			buildActionMask = 2147483647;
			files = (
				7A597A542DB35FB2001EDC03 /* PasskeyAuth in Frameworks */,
				7A731E9F2DB5C78A00E10B4E /* PasskeyAuth in Frameworks */,
				7A731E9C2DB5C58C00E10B4E /* PasskeyAuth in Frameworks */,
				7A731EA22DB5C9C300E10B4E /* PasskeyAuth in Frameworks */,
				7A731DC92DB4B0EB00E10B4E /* PasskeyAuth in Frameworks */,
				7ACB00D82DB43D2A00387035 /* PasskeyAuth in Frameworks */,
				7A597A962DB372D8001EDC03 /* PasskeyAuth in Frameworks */,
			);
			runOnlyForDeploymentPostprocessing = 0;
		};
/* End PBXFrameworksBuildPhase section */

/* Begin PBXGroup section */
		7A597A352DB35F21001EDC03 = {
			isa = PBXGroup;
			children = (
				7A597A402DB35F21001EDC03 /* PasskeyAuthExample */,
				7A597A3F2DB35F21001EDC03 /* Products */,
			);
			sourceTree = "<group>";
		};
		7A597A3F2DB35F21001EDC03 /* Products */ = {
			isa = PBXGroup;
			children = (
				7A597A3E2DB35F21001EDC03 /* PasskeyAuthExample.app */,
			);
			name = Products;
			sourceTree = "<group>";
		};
/* End PBXGroup section */

/* Begin PBXNativeTarget section */
		7A597A3D2DB35F21001EDC03 /* PasskeyAuthExample */ = {
			isa = PBXNativeTarget;
			buildConfigurationList = 7A597A492DB35F22001EDC03 /* Build configuration list for PBXNativeTarget "PasskeyAuthExample" */;
			buildPhases = (
				7A597A3A2DB35F21001EDC03 /* Sources */,
				7A597A3B2DB35F21001EDC03 /* Frameworks */,
				7A597A3C2DB35F21001EDC03 /* Resources */,
			);
			buildRules = (
			);
			dependencies = (
			);
			fileSystemSynchronizedGroups = (
				7A597A402DB35F21001EDC03 /* PasskeyAuthExample */,
			);
			name = PasskeyAuthExample;
			packageProductDependencies = (
				7A597A532DB35FB2001EDC03 /* PasskeyAuth */,
				7A597A952DB372D8001EDC03 /* PasskeyAuth */,
				7ACB00D72DB43D2A00387035 /* PasskeyAuth */,
				7A731DC82DB4B0EB00E10B4E /* PasskeyAuth */,
				7A731E9B2DB5C58C00E10B4E /* PasskeyAuth */,
				7A731E9E2DB5C78A00E10B4E /* PasskeyAuth */,
				7A731EA12DB5C9C300E10B4E /* PasskeyAuth */,
			);
			productName = PasskeyAuthExample;
			productReference = 7A597A3E2DB35F21001EDC03 /* PasskeyAuthExample.app */;
			productType = "com.apple.product-type.application";
		};
/* End PBXNativeTarget section */

/* Begin PBXProject section */
		7A597A362DB35F21001EDC03 /* Project object */ = {
			isa = PBXProject;
			attributes = {
				BuildIndependentTargetsInParallel = 1;
				LastSwiftUpdateCheck = 1630;
				LastUpgradeCheck = 1630;
				TargetAttributes = {
					7A597A3D2DB35F21001EDC03 = {
						CreatedOnToolsVersion = 16.3;
					};
				};
			};
			buildConfigurationList = 7A597A392DB35F21001EDC03 /* Build configuration list for PBXProject "PasskeyAuthExample" */;
			developmentRegion = en;
			hasScannedForEncodings = 0;
			knownRegions = (
				en,
				Base,
			);
			mainGroup = 7A597A352DB35F21001EDC03;
			minimizedProjectReferenceProxies = 1;
			packageReferences = (
				7A731EA02DB5C9C300E10B4E /* XCLocalSwiftPackageReference "../../PasskeyAuth" */,
			);
			preferredProjectObjectVersion = 77;
			productRefGroup = 7A597A3F2DB35F21001EDC03 /* Products */;
			projectDirPath = "";
			projectRoot = "";
			targets = (
				7A597A3D2DB35F21001EDC03 /* PasskeyAuthExample */,
			);
		};
/* End PBXProject section */

/* Begin PBXResourcesBuildPhase section */
		7A597A3C2DB35F21001EDC03 /* Resources */ = {
			isa = PBXResourcesBuildPhase;
			buildActionMask = 2147483647;
			files = (
			);
			runOnlyForDeploymentPostprocessing = 0;
		};
/* End PBXResourcesBuildPhase section */

/* Begin PBXSourcesBuildPhase section */
		7A597A3A2DB35F21001EDC03 /* Sources */ = {
			isa = PBXSourcesBuildPhase;
			buildActionMask = 2147483647;
			files = (
			);
			runOnlyForDeploymentPostprocessing = 0;
		};
/* End PBXSourcesBuildPhase section */

/* Begin XCBuildConfiguration section */
		7A597A472DB35F22001EDC03 /* Debug */ = {
			isa = XCBuildConfiguration;
			buildSettings = {
				ALWAYS_SEARCH_USER_PATHS = NO;
				ASSETCATALOG_COMPILER_GENERATE_SWIFT_ASSET_SYMBOL_EXTENSIONS = YES;
				CLANG_ANALYZER_NONNULL = YES;
				CLANG_ANALYZER_NUMBER_OBJECT_CONVERSION = YES_AGGRESSIVE;
				CLANG_CXX_LANGUAGE_STANDARD = "gnu++20";
				CLANG_ENABLE_MODULES = YES;
				CLANG_ENABLE_OBJC_ARC = YES;
				CLANG_ENABLE_OBJC_WEAK = YES;
				CLANG_WARN_BLOCK_CAPTURE_AUTORELEASING = YES;
				CLANG_WARN_BOOL_CONVERSION = YES;
				CLANG_WARN_COMMA = YES;
				CLANG_WARN_CONSTANT_CONVERSION = YES;
				CLANG_WARN_DEPRECATED_OBJC_IMPLEMENTATIONS = YES;
				CLANG_WARN_DIRECT_OBJC_ISA_USAGE = YES_ERROR;
				CLANG_WARN_DOCUMENTATION_COMMENTS = YES;
				CLANG_WARN_EMPTY_BODY = YES;
				CLANG_WARN_ENUM_CONVERSION = YES;
				CLANG_WARN_INFINITE_RECURSION = YES;
				CLANG_WARN_INT_CONVERSION = YES;
				CLANG_WARN_NON_LITERAL_NULL_CONVERSION = YES;
				CLANG_WARN_OBJC_IMPLICIT_RETAIN_SELF = YES;
				CLANG_WARN_OBJC_LITERAL_CONVERSION = YES;
				CLANG_WARN_OBJC_ROOT_CLASS = YES_ERROR;
				CLANG_WARN_QUOTED_INCLUDE_IN_FRAMEWORK_HEADER = YES;
				CLANG_WARN_RANGE_LOOP_ANALYSIS = YES;
				CLANG_WARN_STRICT_PROTOTYPES = YES;
				CLANG_WARN_SUSPICIOUS_MOVE = YES;
				CLANG_WARN_UNGUARDED_AVAILABILITY = YES_AGGRESSIVE;
				CLANG_WARN_UNREACHABLE_CODE = YES;
				CLANG_WARN__DUPLICATE_METHOD_MATCH = YES;
				COPY_PHASE_STRIP = NO;
				DEBUG_INFORMATION_FORMAT = dwarf;
				DEVELOPMENT_TEAM = FY4NZR34Z3;
				ENABLE_STRICT_OBJC_MSGSEND = YES;
				ENABLE_TESTABILITY = YES;
				ENABLE_USER_SCRIPT_SANDBOXING = YES;
				GCC_C_LANGUAGE_STANDARD = gnu17;
				GCC_DYNAMIC_NO_PIC = NO;
				GCC_NO_COMMON_BLOCKS = YES;
				GCC_OPTIMIZATION_LEVEL = 0;
				GCC_PREPROCESSOR_DEFINITIONS = (
					"DEBUG=1",
					"$(inherited)",
				);
				GCC_WARN_64_TO_32_BIT_CONVERSION = YES;
				GCC_WARN_ABOUT_RETURN_TYPE = YES_ERROR;
				GCC_WARN_UNDECLARED_SELECTOR = YES;
				GCC_WARN_UNINITIALIZED_AUTOS = YES_AGGRESSIVE;
				GCC_WARN_UNUSED_FUNCTION = YES;
				GCC_WARN_UNUSED_VARIABLE = YES;
				IPHONEOS_DEPLOYMENT_TARGET = 18.4;
				LOCALIZATION_PREFERS_STRING_CATALOGS = YES;
				MTL_ENABLE_DEBUG_INFO = INCLUDE_SOURCE;
				MTL_FAST_MATH = YES;
				ONLY_ACTIVE_ARCH = YES;
				SDKROOT = iphoneos;
				SWIFT_ACTIVE_COMPILATION_CONDITIONS = "DEBUG $(inherited)";
				SWIFT_OPTIMIZATION_LEVEL = "-Onone";
			};
			name = Debug;
		};
		7A597A482DB35F22001EDC03 /* Release */ = {
			isa = XCBuildConfiguration;
			buildSettings = {
				ALWAYS_SEARCH_USER_PATHS = NO;
				ASSETCATALOG_COMPILER_GENERATE_SWIFT_ASSET_SYMBOL_EXTENSIONS = YES;
				CLANG_ANALYZER_NONNULL = YES;
				CLANG_ANALYZER_NUMBER_OBJECT_CONVERSION = YES_AGGRESSIVE;
				CLANG_CXX_LANGUAGE_STANDARD = "gnu++20";
				CLANG_ENABLE_MODULES = YES;
				CLANG_ENABLE_OBJC_ARC = YES;
				CLANG_ENABLE_OBJC_WEAK = YES;
				CLANG_WARN_BLOCK_CAPTURE_AUTORELEASING = YES;
				CLANG_WARN_BOOL_CONVERSION = YES;
				CLANG_WARN_COMMA = YES;
				CLANG_WARN_CONSTANT_CONVERSION = YES;
				CLANG_WARN_DEPRECATED_OBJC_IMPLEMENTATIONS = YES;
				CLANG_WARN_DIRECT_OBJC_ISA_USAGE = YES_ERROR;
				CLANG_WARN_DOCUMENTATION_COMMENTS = YES;
				CLANG_WARN_EMPTY_BODY = YES;
				CLANG_WARN_ENUM_CONVERSION = YES;
				CLANG_WARN_INFINITE_RECURSION = YES;
				CLANG_WARN_INT_CONVERSION = YES;
				CLANG_WARN_NON_LITERAL_NULL_CONVERSION = YES;
				CLANG_WARN_OBJC_IMPLICIT_RETAIN_SELF = YES;
				CLANG_WARN_OBJC_LITERAL_CONVERSION = YES;
				CLANG_WARN_OBJC_ROOT_CLASS = YES_ERROR;
				CLANG_WARN_QUOTED_INCLUDE_IN_FRAMEWORK_HEADER = YES;
				CLANG_WARN_RANGE_LOOP_ANALYSIS = YES;
				CLANG_WARN_STRICT_PROTOTYPES = YES;
				CLANG_WARN_SUSPICIOUS_MOVE = YES;
				CLANG_WARN_UNGUARDED_AVAILABILITY = YES_AGGRESSIVE;
				CLANG_WARN_UNREACHABLE_CODE = YES;
				CLANG_WARN__DUPLICATE_METHOD_MATCH = YES;
				COPY_PHASE_STRIP = NO;
				DEBUG_INFORMATION_FORMAT = "dwarf-with-dsym";
				DEVELOPMENT_TEAM = FY4NZR34Z3;
				ENABLE_NS_ASSERTIONS = NO;
				ENABLE_STRICT_OBJC_MSGSEND = YES;
				ENABLE_USER_SCRIPT_SANDBOXING = YES;
				GCC_C_LANGUAGE_STANDARD = gnu17;
				GCC_NO_COMMON_BLOCKS = YES;
				GCC_WARN_64_TO_32_BIT_CONVERSION = YES;
				GCC_WARN_ABOUT_RETURN_TYPE = YES_ERROR;
				GCC_WARN_UNDECLARED_SELECTOR = YES;
				GCC_WARN_UNINITIALIZED_AUTOS = YES_AGGRESSIVE;
				GCC_WARN_UNUSED_FUNCTION = YES;
				GCC_WARN_UNUSED_VARIABLE = YES;
				IPHONEOS_DEPLOYMENT_TARGET = 18.4;
				LOCALIZATION_PREFERS_STRING_CATALOGS = YES;
				MTL_ENABLE_DEBUG_INFO = NO;
				MTL_FAST_MATH = YES;
				SDKROOT = iphoneos;
				SWIFT_COMPILATION_MODE = wholemodule;
				VALIDATE_PRODUCT = YES;
			};
			name = Release;
		};
		7A597A4A2DB35F22001EDC03 /* Debug */ = {
			isa = XCBuildConfiguration;
			buildSettings = {
				ASSETCATALOG_COMPILER_APPICON_NAME = AppIcon;
				ASSETCATALOG_COMPILER_GLOBAL_ACCENT_COLOR_NAME = AccentColor;
				CODE_SIGN_ENTITLEMENTS = PasskeyAuthExample/PasskeyAuthExample.entitlements;
				CODE_SIGN_STYLE = Automatic;
				CURRENT_PROJECT_VERSION = 1;
				DEVELOPMENT_TEAM = FY4NZR34Z3;
				ENABLE_PREVIEWS = YES;
				GENERATE_INFOPLIST_FILE = YES;
				INFOPLIST_KEY_UIApplicationSceneManifest_Generation = YES;
				INFOPLIST_KEY_UIApplicationSupportsIndirectInputEvents = YES;
				INFOPLIST_KEY_UILaunchScreen_Generation = YES;
				INFOPLIST_KEY_UISupportedInterfaceOrientations_iPad = "UIInterfaceOrientationPortrait UIInterfaceOrientationPortraitUpsideDown UIInterfaceOrientationLandscapeLeft UIInterfaceOrientationLandscapeRight";
				INFOPLIST_KEY_UISupportedInterfaceOrientations_iPhone = "UIInterfaceOrientationPortrait UIInterfaceOrientationLandscapeLeft UIInterfaceOrientationLandscapeRight";
				IPHONEOS_DEPLOYMENT_TARGET = 18.0;
				LD_RUNPATH_SEARCH_PATHS = (
					"$(inherited)",
					"@executable_path/Frameworks",
				);
				MARKETING_VERSION = 1.0;
				PRODUCT_BUNDLE_IDENTIFIER = com.xmtp.PasskeyAuthExample;
				PRODUCT_NAME = "$(TARGET_NAME)";
				SWIFT_EMIT_LOC_STRINGS = YES;
				SWIFT_VERSION = 5.0;
				TARGETED_DEVICE_FAMILY = "1,2";
			};
			name = Debug;
		};
		7A597A4B2DB35F22001EDC03 /* Release */ = {
			isa = XCBuildConfiguration;
			buildSettings = {
				ASSETCATALOG_COMPILER_APPICON_NAME = AppIcon;
				ASSETCATALOG_COMPILER_GLOBAL_ACCENT_COLOR_NAME = AccentColor;
				CODE_SIGN_ENTITLEMENTS = PasskeyAuthExample/PasskeyAuthExample.entitlements;
				CODE_SIGN_STYLE = Automatic;
				CURRENT_PROJECT_VERSION = 1;
				DEVELOPMENT_TEAM = FY4NZR34Z3;
				ENABLE_PREVIEWS = YES;
				GENERATE_INFOPLIST_FILE = YES;
				INFOPLIST_KEY_UIApplicationSceneManifest_Generation = YES;
				INFOPLIST_KEY_UIApplicationSupportsIndirectInputEvents = YES;
				INFOPLIST_KEY_UILaunchScreen_Generation = YES;
				INFOPLIST_KEY_UISupportedInterfaceOrientations_iPad = "UIInterfaceOrientationPortrait UIInterfaceOrientationPortraitUpsideDown UIInterfaceOrientationLandscapeLeft UIInterfaceOrientationLandscapeRight";
				INFOPLIST_KEY_UISupportedInterfaceOrientations_iPhone = "UIInterfaceOrientationPortrait UIInterfaceOrientationLandscapeLeft UIInterfaceOrientationLandscapeRight";
				IPHONEOS_DEPLOYMENT_TARGET = 18.0;
				LD_RUNPATH_SEARCH_PATHS = (
					"$(inherited)",
					"@executable_path/Frameworks",
				);
				MARKETING_VERSION = 1.0;
				PRODUCT_BUNDLE_IDENTIFIER = com.xmtp.PasskeyAuthExample;
				PRODUCT_NAME = "$(TARGET_NAME)";
				SWIFT_EMIT_LOC_STRINGS = YES;
				SWIFT_VERSION = 5.0;
				TARGETED_DEVICE_FAMILY = "1,2";
			};
			name = Release;
		};
/* End XCBuildConfiguration section */

/* Begin XCConfigurationList section */
		7A597A392DB35F21001EDC03 /* Build configuration list for PBXProject "PasskeyAuthExample" */ = {
			isa = XCConfigurationList;
			buildConfigurations = (
				7A597A472DB35F22001EDC03 /* Debug */,
				7A597A482DB35F22001EDC03 /* Release */,
			);
			defaultConfigurationIsVisible = 0;
			defaultConfigurationName = Release;
		};
		7A597A492DB35F22001EDC03 /* Build configuration list for PBXNativeTarget "PasskeyAuthExample" */ = {
			isa = XCConfigurationList;
			buildConfigurations = (
				7A597A4A2DB35F22001EDC03 /* Debug */,
				7A597A4B2DB35F22001EDC03 /* Release */,
			);
			defaultConfigurationIsVisible = 0;
			defaultConfigurationName = Release;
		};
/* End XCConfigurationList section */

/* Begin XCLocalSwiftPackageReference section */
		7A731EA02DB5C9C300E10B4E /* XCLocalSwiftPackageReference "../../PasskeyAuth" */ = {
			isa = XCLocalSwiftPackageReference;
			relativePath = ../../PasskeyAuth;
		};
/* End XCLocalSwiftPackageReference section */

/* Begin XCSwiftPackageProductDependency section */
		7A597A532DB35FB2001EDC03 /* PasskeyAuth */ = {
			isa = XCSwiftPackageProductDependency;
			productName = PasskeyAuth;
		};
		7A597A952DB372D8001EDC03 /* PasskeyAuth */ = {
			isa = XCSwiftPackageProductDependency;
			productName = PasskeyAuth;
		};
		7A731DC82DB4B0EB00E10B4E /* PasskeyAuth */ = {
			isa = XCSwiftPackageProductDependency;
			productName = PasskeyAuth;
		};
		7A731E9B2DB5C58C00E10B4E /* PasskeyAuth */ = {
			isa = XCSwiftPackageProductDependency;
			productName = PasskeyAuth;
		};
		7A731E9E2DB5C78A00E10B4E /* PasskeyAuth */ = {
			isa = XCSwiftPackageProductDependency;
			productName = PasskeyAuth;
		};
		7A731EA12DB5C9C300E10B4E /* PasskeyAuth */ = {
			isa = XCSwiftPackageProductDependency;
			productName = PasskeyAuth;
		};
		7ACB00D72DB43D2A00387035 /* PasskeyAuth */ = {
			isa = XCSwiftPackageProductDependency;
			productName = PasskeyAuth;
		};
/* End XCSwiftPackageProductDependency section */
	};
	rootObject = 7A597A362DB35F21001EDC03 /* Project object */;
}
